
Microsoft Visual Studio Solution File, Format Version 12.00
# Visual Studio Version 17
VisualStudioVersion = 17.5.33502.453
MinimumVisualStudioVersion = 10.0.40219.1
Project("{FAE04EC0-301F-11D3-BF4B-00C04F79EFBC}") = "NoiThat", "NoiThat\NoiThat.csproj", "{FC35A3EA-8112-4E8F-B757-A2A2CACF8B77}"
EndProject
Global
	GlobalSection(SolutionConfigurationPlatforms) = preSolution
		Debug|Any CPU = Debug|Any CPU
		Release|Any CPU = Release|Any CPU
	EndGlobalSection
	GlobalSection(ProjectConfigurationPlatforms) = postSolution
		{FC35A3EA-8112-4E8F-B757-A2A2CACF8B77}.Debug|Any CPU.ActiveCfg = Debug|Any CPU
		{FC35A3EA-8112-4E8F-B757-A2A2CACF8B77}.Debug|Any CPU.Build.0 = Debug|Any CPU
		{FC35A3EA-8112-4E8F-B757-A2A2CACF8B77}.Release|Any CPU.ActiveCfg = Release|Any CPU
		{FC35A3EA-8112-4E8F-B757-A2A2CACF8B77}.Release|Any CPU.Build.0 = Release|Any CPU
	EndGlobalSection
	GlobalSection(SolutionProperties) = preSolution
		HideSolutionNode = FALSE
	EndGlobalSection
	GlobalSection(ExtensibilityGlobals) = postSolution
		SolutionGuid = {4DAADAFB-4D69-4CDC-AB7D-2D4459BBEF01}
	EndGlobalSection
EndGlobal
